Microsoft Visual Studio Solution File, Format Version 12.00
# Visual Studio 14
VisualStudioVersion = 14.0.25420.1
MinimumVisualStudioVersion = 10.0.40219.1
Project("{FAE04EC0-301F-11D3-BF4B-00C04F79EFBC}") = "VideoCollection", "VideoCollection\VideoCollection.csproj", "{BA3A0650-A18B-4731-8EAA-F73868320EF7}"
EndProject
Project("{FAE04EC0-301F-11D3-BF4B-00C04F79EFBC}") = "VideoCollection.Web", "VideoCollection.Web\VideoCollection.Web.csproj", "{658DA84D-AD6C-414A-9333-B89232911187}"
EndProject
Project("{FAE04EC0-301F-11D3-BF4B-00C04F79EFBC}") = "VideoCollection.Admin", "VideoCollection.Admin\VideoCollection.Admin.csproj", "{41BEFAC6-47A4-445E-8AF1-82C008200337}"
EndProject
Project("{FAE04EC0-301F-11D3-BF4B-00C04F79EFBC}") = "VideoCollection.Cli", "VideoCollection.Cli\VideoCollection.Cli.csproj", "{7C0E7B22-DAB6-4973-B092-DE1E6AFD98C1}"
EndProject
Project("{FAE04EC0-301F-11D3-BF4B-00C04F79EFBC}") = "VideoCollection.SelfHost", "VideoCollection.SelfHost\VideoCollection.SelfHost.csproj", "{210E9975-2032-40D8-8B48-49ACC708AC33}"
EndProject
Global
	GlobalSection(SolutionConfigurationPlatforms) = preSolution
		Debug|Any CPU = Debug|Any CPU
		Release|Any CPU = Release|Any CPU
	EndGlobalSection
	GlobalSection(ProjectConfigurationPlatforms) = postSolution
		{BA3A0650-A18B-4731-8EAA-F73868320EF7}.Debug|Any CPU.ActiveCfg = Debug|Any CPU
		{BA3A0650-A18B-4731-8EAA-F73868320EF7}.Debug|Any CPU.Build.0 = Debug|Any CPU
		{BA3A0650-A18B-4731-8EAA-F73868320EF7}.Release|Any CPU.ActiveCfg = Release|Any CPU
		{BA3A0650-A18B-4731-8EAA-F73868320EF7}.Release|Any CPU.Build.0 = Release|Any CPU
		{658DA84D-AD6C-414A-9333-B89232911187}.Debug|Any CPU.ActiveCfg = Debug|Any CPU
		{658DA84D-AD6C-414A-9333-B89232911187}.Debug|Any CPU.Build.0 = Debug|Any CPU
		{658DA84D-AD6C-414A-9333-B89232911187}.Release|Any CPU.ActiveCfg = Release|Any CPU
		{658DA84D-AD6C-414A-9333-B89232911187}.Release|Any CPU.Build.0 = Release|Any CPU
		{41BEFAC6-47A4-445E-8AF1-82C008200337}.Debug|Any CPU.ActiveCfg = Debug|Any CPU
		{41BEFAC6-47A4-445E-8AF1-82C008200337}.Debug|Any CPU.Build.0 = Debug|Any CPU
		{41BEFAC6-47A4-445E-8AF1-82C008200337}.Release|Any CPU.ActiveCfg = Release|Any CPU
		{41BEFAC6-47A4-445E-8AF1-82C008200337}.Release|Any CPU.Build.0 = Release|Any CPU
		{7C0E7B22-DAB6-4973-B092-DE1E6AFD98C1}.Debug|Any CPU.ActiveCfg = Debug|Any CPU
		{7C0E7B22-DAB6-4973-B092-DE1E6AFD98C1}.Debug|Any CPU.Build.0 = Debug|Any CPU
		{7C0E7B22-DAB6-4973-B092-DE1E6AFD98C1}.Release|Any CPU.ActiveCfg = Release|Any CPU
		{7C0E7B22-DAB6-4973-B092-DE1E6AFD98C1}.Release|Any CPU.Build.0 = Release|Any CPU
		{210E9975-2032-40D8-8B48-49ACC708AC33}.Debug|Any CPU.ActiveCfg = Debug|Any CPU
		{210E9975-2032-40D8-8B48-49ACC708AC33}.Debug|Any CPU.Build.0 = Debug|Any CPU
		{210E9975-2032-40D8-8B48-49ACC708AC33}.Release|Any CPU.ActiveCfg = Release|Any CPU
		{210E9975-2032-40D8-8B48-49ACC708AC33}.Release|Any CPU.Build.0 = Release|Any CPU
	EndGlobalSection
	GlobalSection(SolutionProperties) = preSolution
		HideSolutionNode = FALSE
	EndGlobalSection
EndGlobal
